
Microsoft Visual Studio Solution File, Format Version 12.00
# Visual Studio Version 16
VisualStudioVersion = 16.0.29911.84
MinimumVisualStudioVersion = 10.0.40219.1
Project("{FAE04EC0-301F-11D3-BF4B-00C04F79EFBC}") = "Blog", "Blog.csproj", "{BF5BD11F-9E91-44A0-B4AB-CF84F64F726F}"
EndProject
Global
	GlobalSection(SolutionConfigurationPlatforms) = preSolution
		Debug|Any CPU = Debug|Any CPU
		Release|Any CPU = Release|Any CPU
	EndGlobalSection
	GlobalSection(ProjectConfigurationPlatforms) = postSolution
		{BF5BD11F-9E91-44A0-B4AB-CF84F64F726F}.Debug|Any CPU.ActiveCfg = Debug|Any CPU
		{BF5BD11F-9E91-44A0-B4AB-CF84F64F726F}.Debug|Any CPU.Build.0 = Debug|Any CPU
		{BF5BD11F-9E91-44A0-B4AB-CF84F64F726F}.Release|Any CPU.ActiveCfg = Release|Any CPU
		{BF5BD11F-9E91-44A0-B4AB-CF84F64F726F}.Release|Any CPU.Build.0 = Release|Any CPU
	EndGlobalSection
	GlobalSection(SolutionProperties) = preSolution
		HideSolutionNode = FALSE
	EndGlobalSection
	GlobalSection(ExtensibilityGlobals) = postSolution
		SolutionGuid = {7C644E8D-770A-4E4C-817E-8CE01524155F}
	EndGlobalSection
EndGlobal
